
Microsoft Visual Studio Solution File, Format Version 12.00
# Visual Studio Version 17
VisualStudioVersion = 17.3.32929.385
MinimumVisualStudioVersion = 10.0.40219.1
Project("{FAE04EC0-301F-11D3-BF4B-00C04F79EFBC}") = "ML", "ML\ML.csproj", "{9DD458A0-7611-4049-86F5-19D4B816C45E}"
EndProject
Project("{FAE04EC0-301F-11D3-BF4B-00C04F79EFBC}") = "BL", "BL\BL.csproj", "{8CE3345F-A330-4E8E-8E09-707246E036E7}"
EndProject
Project("{FAE04EC0-301F-11D3-BF4B-00C04F79EFBC}") = "DL", "DL\DL.csproj", "{2AEF18D1-AEF3-4ABB-899B-F0E1702AAEC5}"
EndProject
Project("{FAE04EC0-301F-11D3-BF4B-00C04F79EFBC}") = "PL", "PL\PL.csproj", "{1433641D-C3BF-4E55-899A-6BD8DB269969}"
EndProject
Global
	GlobalSection(SolutionConfigurationPlatforms) = preSolution
		Debug|Any CPU = Debug|Any CPU
		Release|Any CPU = Release|Any CPU
	EndGlobalSection
	GlobalSection(ProjectConfigurationPlatforms) = postSolution
		{9DD458A0-7611-4049-86F5-19D4B816C45E}.Debug|Any CPU.ActiveCfg = Debug|Any CPU
		{9DD458A0-7611-4049-86F5-19D4B816C45E}.Debug|Any CPU.Build.0 = Debug|Any CPU
		{9DD458A0-7611-4049-86F5-19D4B816C45E}.Release|Any CPU.ActiveCfg = Release|Any CPU
		{9DD458A0-7611-4049-86F5-19D4B816C45E}.Release|Any CPU.Build.0 = Release|Any CPU
		{8CE3345F-A330-4E8E-8E09-707246E036E7}.Debug|Any CPU.ActiveCfg = Debug|Any CPU
		{8CE3345F-A330-4E8E-8E09-707246E036E7}.Debug|Any CPU.Build.0 = Debug|Any CPU
		{8CE3345F-A330-4E8E-8E09-707246E036E7}.Release|Any CPU.ActiveCfg = Release|Any CPU
		{8CE3345F-A330-4E8E-8E09-707246E036E7}.Release|Any CPU.Build.0 = Release|Any CPU
		{2AEF18D1-AEF3-4ABB-899B-F0E1702AAEC5}.Debug|Any CPU.ActiveCfg = Debug|Any CPU
		{2AEF18D1-AEF3-4ABB-899B-F0E1702AAEC5}.Debug|Any CPU.Build.0 = Debug|Any CPU
		{2AEF18D1-AEF3-4ABB-899B-F0E1702AAEC5}.Release|Any CPU.ActiveCfg = Release|Any CPU
		{2AEF18D1-AEF3-4ABB-899B-F0E1702AAEC5}.Release|Any CPU.Build.0 = Release|Any CPU
		{1433641D-C3BF-4E55-899A-6BD8DB269969}.Debug|Any CPU.ActiveCfg = Debug|Any CPU
		{1433641D-C3BF-4E55-899A-6BD8DB269969}.Debug|Any CPU.Build.0 = Debug|Any CPU
		{1433641D-C3BF-4E55-899A-6BD8DB269969}.Release|Any CPU.ActiveCfg = Release|Any CPU
		{1433641D-C3BF-4E55-899A-6BD8DB269969}.Release|Any CPU.Build.0 = Release|Any CPU
	EndGlobalSection
	GlobalSection(SolutionProperties) = preSolution
		HideSolutionNode = FALSE
	EndGlobalSection
	GlobalSection(ExtensibilityGlobals) = postSolution
		SolutionGuid = {31F7CC27-5700-4869-87B6-9918E37D8544}
	EndGlobalSection
EndGlobal
